
Microsoft Visual Studio Solution File, Format Version 12.00
# Visual Studio Version 16
VisualStudioVersion = 16.0.30011.22
MinimumVisualStudioVersion = 10.0.40219.1
Project("{FAE04EC0-301F-11D3-BF4B-00C04F79EFBC}") = "SalesPriceCalculator", "SalesPriceCalculator\SalesPriceCalculator.csproj", "{7D37089A-061F-4EBB-8E2F-35C1B5D51246}"
EndProject
Global
	GlobalSection(SolutionConfigurationPlatforms) = preSolution
		Debug|Any CPU = Debug|Any CPU
		Release|Any CPU = Release|Any CPU
	EndGlobalSection
	GlobalSection(ProjectConfigurationPlatforms) = postSolution
		{7D37089A-061F-4EBB-8E2F-35C1B5D51246}.Debug|Any CPU.ActiveCfg = Debug|Any CPU
		{7D37089A-061F-4EBB-8E2F-35C1B5D51246}.Debug|Any CPU.Build.0 = Debug|Any CPU
		{7D37089A-061F-4EBB-8E2F-35C1B5D51246}.Release|Any CPU.ActiveCfg = Release|Any CPU
		{7D37089A-061F-4EBB-8E2F-35C1B5D51246}.Release|Any CPU.Build.0 = Release|Any CPU
	EndGlobalSection
	GlobalSection(SolutionProperties) = preSolution
		HideSolutionNode = FALSE
	EndGlobalSection
	GlobalSection(ExtensibilityGlobals) = postSolution
		SolutionGuid = {B70A8D97-9621-45D2-95D0-C9C5B4C50BA4}
	EndGlobalSection
EndGlobal
